
Microsoft Visual Studio Solution File, Format Version 12.00
# Visual Studio Version 17
VisualStudioVersion = 17.11.35327.3
MinimumVisualStudioVersion = 10.0.40219.1
Project("{9A19103F-16F7-4668-BE54-9A1E7A4F7556}") = "Seguimiento.domain", "Seguimiento.domain\Seguimiento.domain.csproj", "{6AA031A2-BE79-43AC-AC04-297F1AC933FE}"
EndProject
Project("{9A19103F-16F7-4668-BE54-9A1E7A4F7556}") = "Seguimiento.Contracts", "Seguimiento.Contracts\Seguimiento.Contracts.csproj", "{A231AB77-F902-4FE7-9C10-120F0F091DE3}"
EndProject
Project("{FAE04EC0-301F-11D3-BF4B-00C04F79EFBC}") = "SeguimientoEjecuciones.DataAccess", "SeguimientoEjecuciones.DataAccess\SeguimientoEjecuciones.DataAccess.csproj", "{03B9A71E-79B3-48FC-B4AC-3516498DEDD2}"
EndProject
Global
	GlobalSection(SolutionConfigurationPlatforms) = preSolution
		Debug|Any CPU = Debug|Any CPU
		Release|Any CPU = Release|Any CPU
	EndGlobalSection
	GlobalSection(ProjectConfigurationPlatforms) = postSolution
		{6AA031A2-BE79-43AC-AC04-297F1AC933FE}.Debug|Any CPU.ActiveCfg = Debug|Any CPU
		{6AA031A2-BE79-43AC-AC04-297F1AC933FE}.Debug|Any CPU.Build.0 = Debug|Any CPU
		{6AA031A2-BE79-43AC-AC04-297F1AC933FE}.Release|Any CPU.ActiveCfg = Release|Any CPU
		{6AA031A2-BE79-43AC-AC04-297F1AC933FE}.Release|Any CPU.Build.0 = Release|Any CPU
		{A231AB77-F902-4FE7-9C10-120F0F091DE3}.Debug|Any CPU.ActiveCfg = Debug|Any CPU
		{A231AB77-F902-4FE7-9C10-120F0F091DE3}.Debug|Any CPU.Build.0 = Debug|Any CPU
		{A231AB77-F902-4FE7-9C10-120F0F091DE3}.Release|Any CPU.ActiveCfg = Release|Any CPU
		{A231AB77-F902-4FE7-9C10-120F0F091DE3}.Release|Any CPU.Build.0 = Release|Any CPU
		{03B9A71E-79B3-48FC-B4AC-3516498DEDD2}.Debug|Any CPU.ActiveCfg = Debug|Any CPU
		{03B9A71E-79B3-48FC-B4AC-3516498DEDD2}.Debug|Any CPU.Build.0 = Debug|Any CPU
		{03B9A71E-79B3-48FC-B4AC-3516498DEDD2}.Release|Any CPU.ActiveCfg = Release|Any CPU
		{03B9A71E-79B3-48FC-B4AC-3516498DEDD2}.Release|Any CPU.Build.0 = Release|Any CPU
	EndGlobalSection
	GlobalSection(SolutionProperties) = preSolution
		HideSolutionNode = FALSE
	EndGlobalSection
	GlobalSection(ExtensibilityGlobals) = postSolution
		SolutionGuid = {61A740E1-080E-4CBA-8EA8-F9D4514F6965}
	EndGlobalSection
EndGlobal
